
Microsoft Visual Studio Solution File, Format Version 12.00
# Visual Studio Version 17
VisualStudioVersion = 17.0.31912.275
MinimumVisualStudioVersion = 10.0.40219.1
Project("{FAE04EC0-301F-11D3-BF4B-00C04F79EFBC}") = "ColonistBarAdjuster", "ColonistBarAdjuster.csproj", "{B634CF42-5F2E-45A9-BBB4-4A8785204EF0}"
EndProject
Global
	GlobalSection(SolutionConfigurationPlatforms) = preSolution
		Debug|Any CPU = Debug|Any CPU
		Release|Any CPU = Release|Any CPU
	EndGlobalSection
	GlobalSection(ProjectConfigurationPlatforms) = postSolution
		{B634CF42-5F2E-45A9-BBB4-4A8785204EF0}.Debug|Any CPU.ActiveCfg = Debug|Any CPU
		{B634CF42-5F2E-45A9-BBB4-4A8785204EF0}.Debug|Any CPU.Build.0 = Debug|Any CPU
		{B634CF42-5F2E-45A9-BBB4-4A8785204EF0}.Release|Any CPU.ActiveCfg = Release|Any CPU
		{B634CF42-5F2E-45A9-BBB4-4A8785204EF0}.Release|Any CPU.Build.0 = Release|Any CPU
	EndGlobalSection
	GlobalSection(SolutionProperties) = preSolution
		HideSolutionNode = FALSE
	EndGlobalSection
	GlobalSection(ExtensibilityGlobals) = postSolution
		SolutionGuid = {535B2705-31D1-4B0A-90A8-3432400F48CE}
	EndGlobalSection
EndGlobal
